
Microsoft Visual Studio Solution File, Format Version 12.00
# Visual Studio 14
VisualStudioVersion = 14.0.23107.0
MinimumVisualStudioVersion = 10.0.40219.1
Project("{FAE04EC0-301F-11D3-BF4B-00C04F79EFBC}") = "MessagingAPI", "MessagingAPI\MessagingAPI.csproj", "{AC7A936B-515F-430F-8618-4AEBCCBAE6F4}"
EndProject
Project("{FAE04EC0-301F-11D3-BF4B-00C04F79EFBC}") = "MessagingAPI.Tests", "MessagingAPI.Tests\MessagingAPI.Tests.csproj", "{CE60B262-D27F-49ED-AA72-984086605E1F}"
EndProject
Global
	GlobalSection(SolutionConfigurationPlatforms) = preSolution
		Debug|Any CPU = Debug|Any CPU
		Release|Any CPU = Release|Any CPU
	EndGlobalSection
	GlobalSection(ProjectConfigurationPlatforms) = postSolution
		{AC7A936B-515F-430F-8618-4AEBCCBAE6F4}.Debug|Any CPU.ActiveCfg = Debug|Any CPU
		{AC7A936B-515F-430F-8618-4AEBCCBAE6F4}.Debug|Any CPU.Build.0 = Debug|Any CPU
		{AC7A936B-515F-430F-8618-4AEBCCBAE6F4}.Release|Any CPU.ActiveCfg = Release|Any CPU
		{AC7A936B-515F-430F-8618-4AEBCCBAE6F4}.Release|Any CPU.Build.0 = Release|Any CPU
		{CE60B262-D27F-49ED-AA72-984086605E1F}.Debug|Any CPU.ActiveCfg = Debug|Any CPU
		{CE60B262-D27F-49ED-AA72-984086605E1F}.Debug|Any CPU.Build.0 = Debug|Any CPU
		{CE60B262-D27F-49ED-AA72-984086605E1F}.Release|Any CPU.ActiveCfg = Release|Any CPU
		{CE60B262-D27F-49ED-AA72-984086605E1F}.Release|Any CPU.Build.0 = Release|Any CPU
	EndGlobalSection
	GlobalSection(SolutionProperties) = preSolution
		HideSolutionNode = FALSE
	EndGlobalSection
EndGlobal
